
Microsoft Visual Studio Solution File, Format Version 12.00
# Visual Studio Version 16
VisualStudioVersion = 16.0.29503.13
MinimumVisualStudioVersion = 10.0.40219.1
Project("{2150E333-8FDC-42A3-9474-1A3956D46DE8}") = "Classes", "Classes", "{E6C00AC6-C8D2-4640-B7F0-780262040E51}"
EndProject
Project("{2150E333-8FDC-42A3-9474-1A3956D46DE8}") = "Homework", "Homework", "{E985CB2E-9F55-4DF2-B5BD-87375F11CD07}"
EndProject
Project("{2150E333-8FDC-42A3-9474-1A3956D46DE8}") = "Codewars", "Codewars", "{3EBA4758-FA32-4FB1-9FF5-AB88065ED639}"
EndProject
Project("{2150E333-8FDC-42A3-9474-1A3956D46DE8}") = "Generics", "Generics", "{99C2BC47-7E1D-4B40-B962-F1A96C8BC0FC}"
EndProject
Project("{9A19103F-16F7-4668-BE54-9A1E7A4F7556}") = "Geneics1", "Task1\Geneics1.csproj", "{46923BF0-8091-4DDC-A32E-7A438063166C}"
EndProject
Project("{9A19103F-16F7-4668-BE54-9A1E7A4F7556}") = "Geneics2", "Task2\Geneics2.csproj", "{47A4AC69-68E8-472E-B5D4-2995CDFE5031}"
EndProject
Project("{2150E333-8FDC-42A3-9474-1A3956D46DE8}") = "Troelsen", "Troelsen", "{D8DC002A-75B9-4A21-978E-F9133DB82FB1}"
EndProject
Project("{9A19103F-16F7-4668-BE54-9A1E7A4F7556}") = "Exemple9_001", "Exemple9_001\Exemple9_001.csproj", "{4AFCEF8B-D9F4-48F1-9AF9-8AE15BF899BE}"
EndProject
Project("{9A19103F-16F7-4668-BE54-9A1E7A4F7556}") = "Task3", "Task3\Task3.csproj", "{945ACE7E-2C01-448F-BD04-F71D6C760882}"
EndProject
Project("{9A19103F-16F7-4668-BE54-9A1E7A4F7556}") = "Task8_001", "Task8_001\Task8_001.csproj", "{617306A0-1458-4112-9E84-CC2BA172CF10}"
EndProject
Project("{9A19103F-16F7-4668-BE54-9A1E7A4F7556}") = "Task8_002", "Task8_002\Task8_002.csproj", "{3B5ABFDE-C9AD-4B60-BB42-1BA27F8BD7D2}"
EndProject
Project("{FAE04EC0-301F-11D3-BF4B-00C04F79EFBC}") = "Task4", "Task4\Task4.csproj", "{6EFD5D90-EC7B-4D5C-84F7-617E73C5C714}"
EndProject
Project("{FAE04EC0-301F-11D3-BF4B-00C04F79EFBC}") = "Task5", "Task5\Task5.csproj", "{56F311B7-2BCB-43F2-8AB5-EA8FC56CEC47}"
EndProject
Project("{FAE04EC0-301F-11D3-BF4B-00C04F79EFBC}") = "Task6", "Task6\Task6.csproj", "{B7C4F7A4-1BB5-4F4B-B777-070825581CEE}"
EndProject
Project("{2150E333-8FDC-42A3-9474-1A3956D46DE8}") = "Events", "Events", "{896E4195-52D2-4987-AB84-BA04FA34FCA4}"
EndProject
Project("{FAE04EC0-301F-11D3-BF4B-00C04F79EFBC}") = "Events1", "Events1\Events1.csproj", "{EAEFA715-6C3A-465F-ABEA-3195D8C1E0B1}"
EndProject
Project("{FAE04EC0-301F-11D3-BF4B-00C04F79EFBC}") = "Task7", "Task7\Task7.csproj", "{775A874E-4D63-435C-B5A4-1AFBEF33D428}"
EndProject
Project("{FAE04EC0-301F-11D3-BF4B-00C04F79EFBC}") = "Task8", "Task8\Task8.csproj", "{778C7761-A7D1-4CC7-870E-BB3D17BD2E78}"
EndProject
Global
	GlobalSection(SolutionConfigurationPlatforms) = preSolution
		Debug|Any CPU = Debug|Any CPU
		Release|Any CPU = Release|Any CPU
	EndGlobalSection
	GlobalSection(ProjectConfigurationPlatforms) = postSolution
		{46923BF0-8091-4DDC-A32E-7A438063166C}.Debug|Any CPU.ActiveCfg = Debug|Any CPU
		{46923BF0-8091-4DDC-A32E-7A438063166C}.Debug|Any CPU.Build.0 = Debug|Any CPU
		{46923BF0-8091-4DDC-A32E-7A438063166C}.Release|Any CPU.ActiveCfg = Release|Any CPU
		{46923BF0-8091-4DDC-A32E-7A438063166C}.Release|Any CPU.Build.0 = Release|Any CPU
		{47A4AC69-68E8-472E-B5D4-2995CDFE5031}.Debug|Any CPU.ActiveCfg = Debug|Any CPU
		{47A4AC69-68E8-472E-B5D4-2995CDFE5031}.Debug|Any CPU.Build.0 = Debug|Any CPU
		{47A4AC69-68E8-472E-B5D4-2995CDFE5031}.Release|Any CPU.ActiveCfg = Release|Any CPU
		{47A4AC69-68E8-472E-B5D4-2995CDFE5031}.Release|Any CPU.Build.0 = Release|Any CPU
		{4AFCEF8B-D9F4-48F1-9AF9-8AE15BF899BE}.Debug|Any CPU.ActiveCfg = Debug|Any CPU
		{4AFCEF8B-D9F4-48F1-9AF9-8AE15BF899BE}.Debug|Any CPU.Build.0 = Debug|Any CPU
		{4AFCEF8B-D9F4-48F1-9AF9-8AE15BF899BE}.Release|Any CPU.ActiveCfg = Release|Any CPU
		{4AFCEF8B-D9F4-48F1-9AF9-8AE15BF899BE}.Release|Any CPU.Build.0 = Release|Any CPU
		{945ACE7E-2C01-448F-BD04-F71D6C760882}.Debug|Any CPU.ActiveCfg = Debug|Any CPU
		{945ACE7E-2C01-448F-BD04-F71D6C760882}.Debug|Any CPU.Build.0 = Debug|Any CPU
		{945ACE7E-2C01-448F-BD04-F71D6C760882}.Release|Any CPU.ActiveCfg = Release|Any CPU
		{945ACE7E-2C01-448F-BD04-F71D6C760882}.Release|Any CPU.Build.0 = Release|Any CPU
		{617306A0-1458-4112-9E84-CC2BA172CF10}.Debug|Any CPU.ActiveCfg = Debug|Any CPU
		{617306A0-1458-4112-9E84-CC2BA172CF10}.Debug|Any CPU.Build.0 = Debug|Any CPU
		{617306A0-1458-4112-9E84-CC2BA172CF10}.Release|Any CPU.ActiveCfg = Release|Any CPU
		{617306A0-1458-4112-9E84-CC2BA172CF10}.Release|Any CPU.Build.0 = Release|Any CPU
		{3B5ABFDE-C9AD-4B60-BB42-1BA27F8BD7D2}.Debug|Any CPU.ActiveCfg = Debug|Any CPU
		{3B5ABFDE-C9AD-4B60-BB42-1BA27F8BD7D2}.Debug|Any CPU.Build.0 = Debug|Any CPU
		{3B5ABFDE-C9AD-4B60-BB42-1BA27F8BD7D2}.Release|Any CPU.ActiveCfg = Release|Any CPU
		{3B5ABFDE-C9AD-4B60-BB42-1BA27F8BD7D2}.Release|Any CPU.Build.0 = Release|Any CPU
		{6EFD5D90-EC7B-4D5C-84F7-617E73C5C714}.Debug|Any CPU.ActiveCfg = Debug|Any CPU
		{6EFD5D90-EC7B-4D5C-84F7-617E73C5C714}.Debug|Any CPU.Build.0 = Debug|Any CPU
		{6EFD5D90-EC7B-4D5C-84F7-617E73C5C714}.Release|Any CPU.ActiveCfg = Release|Any CPU
		{6EFD5D90-EC7B-4D5C-84F7-617E73C5C714}.Release|Any CPU.Build.0 = Release|Any CPU
		{56F311B7-2BCB-43F2-8AB5-EA8FC56CEC47}.Debug|Any CPU.ActiveCfg = Debug|Any CPU
		{56F311B7-2BCB-43F2-8AB5-EA8FC56CEC47}.Debug|Any CPU.Build.0 = Debug|Any CPU
		{56F311B7-2BCB-43F2-8AB5-EA8FC56CEC47}.Release|Any CPU.ActiveCfg = Release|Any CPU
		{56F311B7-2BCB-43F2-8AB5-EA8FC56CEC47}.Release|Any CPU.Build.0 = Release|Any CPU
		{B7C4F7A4-1BB5-4F4B-B777-070825581CEE}.Debug|Any CPU.ActiveCfg = Debug|Any CPU
		{B7C4F7A4-1BB5-4F4B-B777-070825581CEE}.Debug|Any CPU.Build.0 = Debug|Any CPU
		{B7C4F7A4-1BB5-4F4B-B777-070825581CEE}.Release|Any CPU.ActiveCfg = Release|Any CPU
		{B7C4F7A4-1BB5-4F4B-B777-070825581CEE}.Release|Any CPU.Build.0 = Release|Any CPU
		{EAEFA715-6C3A-465F-ABEA-3195D8C1E0B1}.Debug|Any CPU.ActiveCfg = Debug|Any CPU
		{EAEFA715-6C3A-465F-ABEA-3195D8C1E0B1}.Debug|Any CPU.Build.0 = Debug|Any CPU
		{EAEFA715-6C3A-465F-ABEA-3195D8C1E0B1}.Release|Any CPU.ActiveCfg = Release|Any CPU
		{EAEFA715-6C3A-465F-ABEA-3195D8C1E0B1}.Release|Any CPU.Build.0 = Release|Any CPU
		{775A874E-4D63-435C-B5A4-1AFBEF33D428}.Debug|Any CPU.ActiveCfg = Debug|Any CPU
		{775A874E-4D63-435C-B5A4-1AFBEF33D428}.Debug|Any CPU.Build.0 = Debug|Any CPU
		{775A874E-4D63-435C-B5A4-1AFBEF33D428}.Release|Any CPU.ActiveCfg = Release|Any CPU
		{775A874E-4D63-435C-B5A4-1AFBEF33D428}.Release|Any CPU.Build.0 = Release|Any CPU
		{778C7761-A7D1-4CC7-870E-BB3D17BD2E78}.Debug|Any CPU.ActiveCfg = Debug|Any CPU
		{778C7761-A7D1-4CC7-870E-BB3D17BD2E78}.Debug|Any CPU.Build.0 = Debug|Any CPU
		{778C7761-A7D1-4CC7-870E-BB3D17BD2E78}.Release|Any CPU.ActiveCfg = Release|Any CPU
		{778C7761-A7D1-4CC7-870E-BB3D17BD2E78}.Release|Any CPU.Build.0 = Release|Any CPU
	EndGlobalSection
	GlobalSection(SolutionProperties) = preSolution
		HideSolutionNode = FALSE
	EndGlobalSection
	GlobalSection(NestedProjects) = preSolution
		{99C2BC47-7E1D-4B40-B962-F1A96C8BC0FC} = {E6C00AC6-C8D2-4640-B7F0-780262040E51}
		{46923BF0-8091-4DDC-A32E-7A438063166C} = {99C2BC47-7E1D-4B40-B962-F1A96C8BC0FC}
		{47A4AC69-68E8-472E-B5D4-2995CDFE5031} = {99C2BC47-7E1D-4B40-B962-F1A96C8BC0FC}
		{4AFCEF8B-D9F4-48F1-9AF9-8AE15BF899BE} = {D8DC002A-75B9-4A21-978E-F9133DB82FB1}
		{945ACE7E-2C01-448F-BD04-F71D6C760882} = {99C2BC47-7E1D-4B40-B962-F1A96C8BC0FC}
		{617306A0-1458-4112-9E84-CC2BA172CF10} = {3EBA4758-FA32-4FB1-9FF5-AB88065ED639}
		{3B5ABFDE-C9AD-4B60-BB42-1BA27F8BD7D2} = {3EBA4758-FA32-4FB1-9FF5-AB88065ED639}
		{6EFD5D90-EC7B-4D5C-84F7-617E73C5C714} = {99C2BC47-7E1D-4B40-B962-F1A96C8BC0FC}
		{56F311B7-2BCB-43F2-8AB5-EA8FC56CEC47} = {99C2BC47-7E1D-4B40-B962-F1A96C8BC0FC}
		{B7C4F7A4-1BB5-4F4B-B777-070825581CEE} = {99C2BC47-7E1D-4B40-B962-F1A96C8BC0FC}
		{896E4195-52D2-4987-AB84-BA04FA34FCA4} = {E6C00AC6-C8D2-4640-B7F0-780262040E51}
		{EAEFA715-6C3A-465F-ABEA-3195D8C1E0B1} = {896E4195-52D2-4987-AB84-BA04FA34FCA4}
		{775A874E-4D63-435C-B5A4-1AFBEF33D428} = {99C2BC47-7E1D-4B40-B962-F1A96C8BC0FC}
		{778C7761-A7D1-4CC7-870E-BB3D17BD2E78} = {99C2BC47-7E1D-4B40-B962-F1A96C8BC0FC}
	EndGlobalSection
	GlobalSection(ExtensibilityGlobals) = postSolution
		SolutionGuid = {F4682576-8845-4D50-AE47-61A15CB7076E}
	EndGlobalSection
EndGlobal
